// !$*UTF8*$!
{
	archiveVersion = 1;
	classes = {
	};
	objectVersion = 46;
	objects = {

/* Begin PBXBuildFile section */
		DEA30A2E1EC2A22E00F67D49 /* AppDelegate.swift in Sources */ = {isa = PBXBuildFile; fileRef = DEA30A2D1EC2A22E00F67D49 /* AppDelegate.swift */; };
		DEA30A301EC2A22E00F67D49 /* MainVC.swift in Sources */ = {isa = PBXBuildFile; fileRef = DEA30A2F1EC2A22E00F67D49 /* MainVC.swift */; };
		DEA30A331EC2A22E00F67D49 /* Main.storyboard in Resources */ = {isa = PBXBuildFile; fileRef = DEA30A311EC2A22E00F67D49 /* Main.storyboard */; };
		DEA30A351EC2A22E00F67D49 /* Assets.xcassets in Resources */ = {isa = PBXBuildFile; fileRef = DEA30A341EC2A22E00F67D49 /* Assets.xcassets */; };
		DEA30A381EC2A22E00F67D49 /* LaunchScreen.storyboard in Resources */ = {isa = PBXBuildFile; fileRef = DEA30A361EC2A22E00F67D49 /* LaunchScreen.storyboard */; };
		DEA30A441EC2A55400F67D49 /* still time.ttf in Resources */ = {isa = PBXBuildFile; fileRef = DEA30A431EC2A55400F67D49 /* still time.ttf */; };
		DEA30A461EC2A96100F67D49 /* VideoVC.swift in Sources */ = {isa = PBXBuildFile; fileRef = DEA30A451EC2A96100F67D49 /* VideoVC.swift */; };
		DEA30A481EC2AA4600F67D49 /* SongCell.swift in Sources */ = {isa = PBXBuildFile; fileRef = DEA30A471EC2AA4600F67D49 /* SongCell.swift */; };
		DEA30A4A1EC2AB8A00F67D49 /* SongSource.swift in Sources */ = {isa = PBXBuildFile; fileRef = DEA30A491EC2AB8A00F67D49 /* SongSource.swift */; };
/* End PBXBuildFile section */

/* Begin PBXFileReference section */
		DEA30A2A1EC2A22E00F67D49 /* MusicVideo.app */ = {isa = PBXFileReference; explicitFileType = wrapper.application; includeInIndex = 0; path = MusicVideo.app; sourceTree = BUILT_PRODUCTS_DIR; };
		DEA30A2D1EC2A22E00F67D49 /* AppDelegate.swift */ = {isa = PBXFileReference; lastKnownFileType = sourcecode.swift; path = AppDelegate.swift; sourceTree = "<group>"; };
		DEA30A2F1EC2A22E00F67D49 /* MainVC.swift */ = {isa = PBXFileReference; lastKnownFileType = sourcecode.swift; path = MainVC.swift; sourceTree = "<group>"; };
		DEA30A321EC2A22E00F67D49 /* Base */ = {isa = PBXFileReference; lastKnownFileType = file.storyboard; name = Base; path = Base.lproj/Main.storyboard; sourceTree = "<group>"; };
		DEA30A341EC2A22E00F67D49 /* Assets.xcassets */ = {isa = PBXFileReference; lastKnownFileType = folder.assetcatalog; path = Assets.xcassets; sourceTree = "<group>"; };
		DEA30A371EC2A22E00F67D49 /* Base */ = {isa = PBXFileReference; lastKnownFileType = file.storyboard; name = Base; path = Base.lproj/LaunchScreen.storyboard; sourceTree = "<group>"; };
		DEA30A391EC2A22E00F67D49 /* Info.plist */ = {isa = PBXFileReference; lastKnownFileType = text.plist.xml; path = Info.plist; sourceTree = "<group>"; };
		DEA30A431EC2A55400F67D49 /* still time.ttf */ = {isa = PBXFileReference; lastKnownFileType = file; path = "still time.ttf"; sourceTree = "<group>"; };
		DEA30A451EC2A96100F67D49 /* VideoVC.swift */ = {isa = PBXFileReference; fileEncoding = 4; lastKnownFileType = sourcecode.swift; path = VideoVC.swift; sourceTree = "<group>"; };
		DEA30A471EC2AA4600F67D49 /* SongCell.swift */ = {isa = PBXFileReference; fileEncoding = 4; lastKnownFileType = sourcecode.swift; path = SongCell.swift; sourceTree = "<group>"; };
		DEA30A491EC2AB8A00F67D49 /* SongSource.swift */ = {isa = PBXFileReference; fileEncoding = 4; lastKnownFileType = sourcecode.swift; path = SongSource.swift; sourceTree = "<group>"; };
/* End PBXFileReference section */

/* Begin PBXFrameworksBuildPhase section */
		DEA30A271EC2A22E00F67D49 /* Frameworks */ = {
			isa = PBXFrameworksBuildPhase;
			buildActionMask = 2147483647;
			files = (
			);
			runOnlyForDeploymentPostprocessing = 0;
		};
/* End PBXFrameworksBuildPhase section */

/* Begin PBXGroup section */
		DEA30A211EC2A22E00F67D49 = {
			isa = PBXGroup;
			children = (
				DEA30A2C1EC2A22E00F67D49 /* MusicVideo */,
				DEA30A2B1EC2A22E00F67D49 /* Products */,
			);
			sourceTree = "<group>";
		};
		DEA30A2B1EC2A22E00F67D49 /* Products */ = {
			isa = PBXGroup;
			children = (
				DEA30A2A1EC2A22E00F67D49 /* MusicVideo.app */,
			);
			name = Products;
			sourceTree = "<group>";
		};
		DEA30A2C1EC2A22E00F67D49 /* MusicVideo */ = {
			isa = PBXGroup;
			children = (
				DEA30A421EC2A54300F67D49 /* Resources */,
				DEA30A3F1EC2A24700F67D49 /* Model */,
				DEA30A401EC2A24C00F67D49 /* View */,
				DEA30A411EC2A25100F67D49 /* Controller */,
				DEA30A2D1EC2A22E00F67D49 /* AppDelegate.swift */,
				DEA30A311EC2A22E00F67D49 /* Main.storyboard */,
				DEA30A341EC2A22E00F67D49 /* Assets.xcassets */,
				DEA30A361EC2A22E00F67D49 /* LaunchScreen.storyboard */,
				DEA30A391EC2A22E00F67D49 /* Info.plist */,
			);
			path = MusicVideo;
			sourceTree = "<group>";
		};
		DEA30A3F1EC2A24700F67D49 /* Model */ = {
			isa = PBXGroup;
			children = (
				DEA30A491EC2AB8A00F67D49 /* SongSource.swift */,
			);
			name = Model;
			sourceTree = "<group>";
		};
		DEA30A401EC2A24C00F67D49 /* View */ = {
			isa = PBXGroup;
			children = (
				DEA30A471EC2AA4600F67D49 /* SongCell.swift */,
			);
			name = View;
			sourceTree = "<group>";
		};
		DEA30A411EC2A25100F67D49 /* Controller */ = {
			isa = PBXGroup;
			children = (
				DEA30A2F1EC2A22E00F67D49 /* MainVC.swift */,
				DEA30A451EC2A96100F67D49 /* VideoVC.swift */,
			);
			name = Controller;
			sourceTree = "<group>";
		};
		DEA30A421EC2A54300F67D49 /* Resources */ = {
			isa = PBXGroup;
			children = (
				DEA30A431EC2A55400F67D49 /* still time.ttf */,
			);
			name = Resources;
			sourceTree = "<group>";
		};
/* End PBXGroup section */

/* Begin PBXNativeTarget section */
		DEA30A291EC2A22E00F67D49 /* MusicVideo */ = {
			isa = PBXNativeTarget;
			buildConfigurationList = DEA30A3C1EC2A22E00F67D49 /* Build configuration list for PBXNativeTarget "MusicVideo" */;
			buildPhases = (
				DEA30A261EC2A22E00F67D49 /* Sources */,
				DEA30A271EC2A22E00F67D49 /* Frameworks */,
				DEA30A281EC2A22E00F67D49 /* Resources */,
			);
			buildRules = (
			);
			dependencies = (
			);
			name = MusicVideo;
			productName = MusicVideo;
			productReference = DEA30A2A1EC2A22E00F67D49 /* MusicVideo.app */;
			productType = "com.apple.product-type.application";
		};
/* End PBXNativeTarget section */

/* Begin PBXProject section */
		DEA30A221EC2A22E00F67D49 /* Project object */ = {
			isa = PBXProject;
			attributes = {
				LastSwiftUpdateCheck = 0830;
				LastUpgradeCheck = 0830;
				ORGANIZATIONNAME = "Shengyu Cao";
				TargetAttributes = {
					DEA30A291EC2A22E00F67D49 = {
						CreatedOnToolsVersion = 8.3.2;
						ProvisioningStyle = Automatic;
					};
				};
			};
			buildConfigurationList = DEA30A251EC2A22E00F67D49 /* Build configuration list for PBXProject "MusicVideo" */;
			compatibilityVersion = "Xcode 3.2";
			developmentRegion = English;
			hasScannedForEncodings = 0;
			knownRegions = (
				en,
				Base,
			);
			mainGroup = DEA30A211EC2A22E00F67D49;
			productRefGroup = DEA30A2B1EC2A22E00F67D49 /* Products */;
			projectDirPath = "";
			projectRoot = "";
			targets = (
				DEA30A291EC2A22E00F67D49 /* MusicVideo */,
			);
		};
/* End PBXProject section */

/* Begin PBXResourcesBuildPhase section */
		DEA30A281EC2A22E00F67D49 /* Resources */ = {
			isa = PBXResourcesBuildPhase;
			buildActionMask = 2147483647;
			files = (
				DEA30A381EC2A22E00F67D49 /* LaunchScreen.storyboard in Resources */,
				DEA30A441EC2A55400F67D49 /* still time.ttf in Resources */,
				DEA30A351EC2A22E00F67D49 /* Assets.xcassets in Resources */,
				DEA30A331EC2A22E00F67D49 /* Main.storyboard in Resources */,
			);
			runOnlyForDeploymentPostprocessing = 0;
		};
/* End PBXResourcesBuildPhase section */

/* Begin PBXSourcesBuildPhase section */
		DEA30A261EC2A22E00F67D49 /* Sources */ = {
			isa = PBXSourcesBuildPhase;
			buildActionMask = 2147483647;
			files = (
				DEA30A4A1EC2AB8A00F67D49 /* SongSource.swift in Sources */,
				DEA30A481EC2AA4600F67D49 /* SongCell.swift in Sources */,
				DEA30A461EC2A96100F67D49 /* VideoVC.swift in Sources */,
				DEA30A301EC2A22E00F67D49 /* MainVC.swift in Sources */,
				DEA30A2E1EC2A22E00F67D49 /* AppDelegate.swift in Sources */,
			);
			runOnlyForDeploymentPostprocessing = 0;
		};
/* End PBXSourcesBuildPhase section */

/* Begin PBXVariantGroup section */
		DEA30A311EC2A22E00F67D49 /* Main.storyboard */ = {
			isa = PBXVariantGroup;
			children = (
				DEA30A321EC2A22E00F67D49 /* Base */,
			);
			name = Main.storyboard;
			sourceTree = "<group>";
		};
		DEA30A361EC2A22E00F67D49 /* LaunchScreen.storyboard */ = {
			isa = PBXVariantGroup;
			children = (
				DEA30A371EC2A22E00F67D49 /* Base */,
			);
			name = LaunchScreen.storyboard;
			sourceTree = "<group>";
		};
/* End PBXVariantGroup section */

/* Begin XCBuildConfiguration section */
		DEA30A3A1EC2A22E00F67D49 /* Debug */ = {
			isa = XCBuildConfiguration;
			buildSettings = {
				ALWAYS_SEARCH_USER_PATHS = NO;
				CLANG_ANALYZER_NONNULL = YES;
				CLANG_ANALYZER_NUMBER_OBJECT_CONVERSION = YES_AGGRESSIVE;
				CLANG_CXX_LANGUAGE_STANDARD = "gnu++0x";
				CLANG_CXX_LIBRARY = "libc++";
				CLANG_ENABLE_MODULES = YES;
				CLANG_ENABLE_OBJC_ARC = YES;
				CLANG_WARN_BOOL_CONVERSION = YES;
				CLANG_WARN_CONSTANT_CONVERSION = YES;
				CLANG_WARN_DIRECT_OBJC_ISA_USAGE = YES_ERROR;
				CLANG_WARN_DOCUMENTATION_COMMENTS = YES;
				CLANG_WARN_EMPTY_BODY = YES;
				CLANG_WARN_ENUM_CONVERSION = YES;
				CLANG_WARN_INFINITE_RECURSION = YES;
				CLANG_WARN_INT_CONVERSION = YES;
				CLANG_WARN_OBJC_ROOT_CLASS = YES_ERROR;
				CLANG_WARN_SUSPICIOUS_MOVE = YES;
				CLANG_WARN_UNREACHABLE_CODE = YES;
				CLANG_WARN__DUPLICATE_METHOD_MATCH = YES;
				"CODE_SIGN_IDENTITY[sdk=iphoneos*]" = "iPhone Developer";
				COPY_PHASE_STRIP = NO;
				DEBUG_INFORMATION_FORMAT = dwarf;
				ENABLE_STRICT_OBJC_MSGSEND = YES;
				ENABLE_TESTABILITY = YES;
				GCC_C_LANGUAGE_STANDARD = gnu99;
				GCC_DYNAMIC_NO_PIC = NO;
				GCC_NO_COMMON_BLOCKS = YES;
				GCC_OPTIMIZATION_LEVEL = 0;
				GCC_PREPROCESSOR_DEFINITIONS = (
					"DEBUG=1",
					"$(inherited)",
				);
				GCC_WARN_64_TO_32_BIT_CONVERSION = YES;
				GCC_WARN_ABOUT_RETURN_TYPE = YES_ERROR;
				GCC_WARN_UNDECLARED_SELECTOR = YES;
				GCC_WARN_UNINITIALIZED_AUTOS = YES_AGGRESSIVE;
				GCC_WARN_UNUSED_FUNCTION = YES;
				GCC_WARN_UNUSED_VARIABLE = YES;
				IPHONEOS_DEPLOYMENT_TARGET = 10.3;
				MTL_ENABLE_DEBUG_INFO = YES;
				ONLY_ACTIVE_ARCH = YES;
				SDKROOT = iphoneos;
				SWIFT_ACTIVE_COMPILATION_CONDITIONS = DEBUG;
				SWIFT_OPTIMIZATION_LEVEL = "-Onone";
				TARGETED_DEVICE_FAMILY = "1,2";
			};
			name = Debug;
		};
		DEA30A3B1EC2A22E00F67D49 /* Release */ = {
			isa = XCBuildConfiguration;
			buildSettings = {
				ALWAYS_SEARCH_USER_PATHS = NO;
				CLANG_ANALYZER_NONNULL = YES;
				CLANG_ANALYZER_NUMBER_OBJECT_CONVERSION = YES_AGGRESSIVE;
				CLANG_CXX_LANGUAGE_STANDARD = "gnu++0x";
				CLANG_CXX_LIBRARY = "libc++";
				CLANG_ENABLE_MODULES = YES;
				CLANG_ENABLE_OBJC_ARC = YES;
				CLANG_WARN_BOOL_CONVERSION = YES;
				CLANG_WARN_CONSTANT_CONVERSION = YES;
				CLANG_WARN_DIRECT_OBJC_ISA_USAGE = YES_ERROR;
				CLANG_WARN_DOCUMENTATION_COMMENTS = YES;
				CLANG_WARN_EMPTY_BODY = YES;
				CLANG_WARN_ENUM_CONVERSION = YES;
				CLANG_WARN_INFINITE_RECURSION = YES;
				CLANG_WARN_INT_CONVERSION = YES;
				CLANG_WARN_OBJC_ROOT_CLASS = YES_ERROR;
				CLANG_WARN_SUSPICIOUS_MOVE = YES;
				CLANG_WARN_UNREACHABLE_CODE = YES;
				CLANG_WARN__DUPLICATE_METHOD_MATCH = YES;
				"CODE_SIGN_IDENTITY[sdk=iphoneos*]" = "iPhone Developer";
				COPY_PHASE_STRIP = NO;
				DEBUG_INFORMATION_FORMAT = "dwarf-with-dsym";
				ENABLE_NS_ASSERTIONS = NO;
				ENABLE_STRICT_OBJC_MSGSEND = YES;
				GCC_C_LANGUAGE_STANDARD = gnu99;
				GCC_NO_COMMON_BLOCKS = YES;
				GCC_WARN_64_TO_32_BIT_CONVERSION = YES;
				GCC_WARN_ABOUT_RETURN_TYPE = YES_ERROR;
				GCC_WARN_UNDECLARED_SELECTOR = YES;
				GCC_WARN_UNINITIALIZED_AUTOS = YES_AGGRESSIVE;
				GCC_WARN_UNUSED_FUNCTION = YES;
				GCC_WARN_UNUSED_VARIABLE = YES;
				IPHONEOS_DEPLOYMENT_TARGET = 10.3;
				MTL_ENABLE_DEBUG_INFO = NO;
				SDKROOT = iphoneos;
				SWIFT_OPTIMIZATION_LEVEL = "-Owholemodule";
				TARGETED_DEVICE_FAMILY = "1,2";
				VALIDATE_PRODUCT = YES;
			};
			name = Release;
		};
		DEA30A3D1EC2A22E00F67D49 /* Debug */ = {
			isa = XCBuildConfiguration;
			buildSettings = {
				ASSETCATALOG_COMPILER_APPICON_NAME = AppIcon;
				INFOPLIST_FILE = MusicVideo/Info.plist;
				LD_RUNPATH_SEARCH_PATHS = "$(inherited) @executable_path/Frameworks";
				PRODUCT_BUNDLE_IDENTIFIER = Shengyucao.MusicVideo;
				PRODUCT_NAME = "$(TARGET_NAME)";
				SWIFT_VERSION = 3.0;
			};
			name = Debug;
		};
		DEA30A3E1EC2A22E00F67D49 /* Release */ = {
			isa = XCBuildConfiguration;
			buildSettings = {
				ASSETCATALOG_COMPILER_APPICON_NAME = AppIcon;
				INFOPLIST_FILE = MusicVideo/Info.plist;
				LD_RUNPATH_SEARCH_PATHS = "$(inherited) @executable_path/Frameworks";
				PRODUCT_BUNDLE_IDENTIFIER = Shengyucao.MusicVideo;
				PRODUCT_NAME = "$(TARGET_NAME)";
				SWIFT_VERSION = 3.0;
			};
			name = Release;
		};
/* End XCBuildConfiguration section */

/* Begin XCConfigurationList section */
		DEA30A251EC2A22E00F67D49 /* Build configuration list for PBXProject "MusicVideo" */ = {
			isa = XCConfigurationList;
			buildConfigurations = (
				DEA30A3A1EC2A22E00F67D49 /* Debug */,
				DEA30A3B1EC2A22E00F67D49 /* Release */,
			);
			defaultConfigurationIsVisible = 0;
			defaultConfigurationName = Release;
		};
		DEA30A3C1EC2A22E00F67D49 /* Build configuration list for PBXNativeTarget "MusicVideo" */ = {
			isa = XCConfigurationList;
			buildConfigurations = (
				DEA30A3D1EC2A22E00F67D49 /* Debug */,
				DEA30A3E1EC2A22E00F67D49 /* Release */,
			);
			defaultConfigurationIsVisible = 0;
		};
/* End XCConfigurationList section */
	};
	rootObject = DEA30A221EC2A22E00F67D49 /* Project object */;
}
